
Microsoft Visual Studio Solution File, Format Version 12.00
# Visual Studio Version 16
VisualStudioVersion = 16.0.30611.23
MinimumVisualStudioVersion = 10.0.40219.1
Project("{FAE04EC0-301F-11D3-BF4B-00C04F79EFBC}") = "HelloWPF", "HelloWPF\HelloWPF.csproj", "{C20A7545-D478-4A68-A037-79891B9BF668}"
EndProject
Global
	GlobalSection(SolutionConfigurationPlatforms) = preSolution
		Debug|Any CPU = Debug|Any CPU
		Release|Any CPU = Release|Any CPU
	EndGlobalSection
	GlobalSection(ProjectConfigurationPlatforms) = postSolution
		{C20A7545-D478-4A68-A037-79891B9BF668}.Debug|Any CPU.ActiveCfg = Debug|Any CPU
		{C20A7545-D478-4A68-A037-79891B9BF668}.Debug|Any CPU.Build.0 = Debug|Any CPU
		{C20A7545-D478-4A68-A037-79891B9BF668}.Release|Any CPU.ActiveCfg = Release|Any CPU
		{C20A7545-D478-4A68-A037-79891B9BF668}.Release|Any CPU.Build.0 = Release|Any CPU
	EndGlobalSection
	GlobalSection(SolutionProperties) = preSolution
		HideSolutionNode = FALSE
	EndGlobalSection
	GlobalSection(ExtensibilityGlobals) = postSolution
		SolutionGuid = {7D507AF7-CF28-46A0-A3EF-2D2E79EB1C6B}
	EndGlobalSection
EndGlobal
